
Microsoft Visual Studio Solution File, Format Version 12.00
# Visual Studio Version 17
VisualStudioVersion = 17.8.34511.84
MinimumVisualStudioVersion = 10.0.40219.1
Project("{8BC9CEB8-8B4A-11D0-8D11-00A0C91BC942}") = "RumbleRoad", "RumbleRoad.vcxproj", "{EE9B6FD6-94A2-3A9F-B9B5-0F05F7CF8B05}"
EndProject
Project("{8BC9CEB8-8B4A-11D0-8D11-00A0C91BC942}") = "ALL_BUILD", "ALL_BUILD.vcxproj", "{68BCB871-A06C-3958-BFB1-1F0809B51FF8}"
	ProjectSection(ProjectDependencies) = postProject
		{EE9B6FD6-94A2-3A9F-B9B5-0F05F7CF8B05} = {EE9B6FD6-94A2-3A9F-B9B5-0F05F7CF8B05}
	EndProjectSection
EndProject
Global
	GlobalSection(SolutionConfigurationPlatforms) = preSolution
		Debug|x64 = Debug|x64
		MinSizeRel|x64 = MinSizeRel|x64
		Release|x64 = Release|x64
		RelWithDebInfo|x64 = RelWithDebInfo|x64
	EndGlobalSection
	GlobalSection(ProjectConfigurationPlatforms) = postSolution
		{EE9B6FD6-94A2-3A9F-B9B5-0F05F7CF8B05}.Debug|x64.ActiveCfg = Debug|x64
		{EE9B6FD6-94A2-3A9F-B9B5-0F05F7CF8B05}.Debug|x64.Build.0 = Debug|x64
		{EE9B6FD6-94A2-3A9F-B9B5-0F05F7CF8B05}.MinSizeRel|x64.ActiveCfg = MinSizeRel|x64
		{EE9B6FD6-94A2-3A9F-B9B5-0F05F7CF8B05}.MinSizeRel|x64.Build.0 = MinSizeRel|x64
		{EE9B6FD6-94A2-3A9F-B9B5-0F05F7CF8B05}.Release|x64.ActiveCfg = Release|x64
		{EE9B6FD6-94A2-3A9F-B9B5-0F05F7CF8B05}.Release|x64.Build.0 = Release|x64
		{EE9B6FD6-94A2-3A9F-B9B5-0F05F7CF8B05}.RelWithDebInfo|x64.ActiveCfg = RelWithDebInfo|x64
		{EE9B6FD6-94A2-3A9F-B9B5-0F05F7CF8B05}.RelWithDebInfo|x64.Build.0 = RelWithDebInfo|x64
		{68BCB871-A06C-3958-BFB1-1F0809B51FF8}.Debug|x64.ActiveCfg = Debug|x64
		{68BCB871-A06C-3958-BFB1-1F0809B51FF8}.MinSizeRel|x64.ActiveCfg = MinSizeRel|x64
		{68BCB871-A06C-3958-BFB1-1F0809B51FF8}.Release|x64.ActiveCfg = Release|x64
		{68BCB871-A06C-3958-BFB1-1F0809B51FF8}.RelWithDebInfo|x64.ActiveCfg = RelWithDebInfo|x64
	EndGlobalSection
	GlobalSection(SolutionProperties) = preSolution
		HideSolutionNode = FALSE
	EndGlobalSection
	GlobalSection(ExtensibilityGlobals) = postSolution
		SolutionGuid = {490EFE4B-383A-3CC0-8B9E-FB766BA030DC}
	EndGlobalSection
EndGlobal
